// !$*UTF8*$!
{
	archiveVersion = 1;
	classes = {
	};
	objectVersion = 46;
	objects = {

/* Begin PBXBuildFile section */
		1527ACBF1ADA12A600195CE9 /* main.cpp in Sources */ = {isa = PBXBuildFile; fileRef = 1527ACBE1ADA12A600195CE9 /* main.cpp */; };
		1527ACC71ADA12DC00195CE9 /* People.cpp in Sources */ = {isa = PBXBuildFile; fileRef = 1527ACC51ADA12DC00195CE9 /* People.cpp */; };
/* End PBXBuildFile section */

/* Begin PBXCopyFilesBuildPhase section */
		1527ACB91ADA12A600195CE9 /* CopyFiles */ = {
			isa = PBXCopyFilesBuildPhase;
			buildActionMask = 2147483647;
			dstPath = /usr/share/man/man1/;
			dstSubfolderSpec = 0;
			files = (
			);
			runOnlyForDeploymentPostprocessing = 1;
		};
/* End PBXCopyFilesBuildPhase section */

/* Begin PBXFileReference section */
		1527ACBB1ADA12A600195CE9 /* L02NameSpace */ = {isa = PBXFileReference; explicitFileType = "compiled.mach-o.executable"; includeInIndex = 0; path = L02NameSpace; sourceTree = BUILT_PRODUCTS_DIR; };
		1527ACBE1ADA12A600195CE9 /* main.cpp */ = {isa = PBXFileReference; lastKnownFileType = sourcecode.cpp.cpp; path = main.cpp; sourceTree = "<group>"; };
		1527ACC51ADA12DC00195CE9 /* People.cpp */ = {isa = PBXFileReference; fileEncoding = 4; lastKnownFileType = sourcecode.cpp.cpp; path = People.cpp; sourceTree = "<group>"; };
		1527ACC61ADA12DC00195CE9 /* People.h */ = {isa = PBXFileReference; fileEncoding = 4; lastKnownFileType = sourcecode.c.h; path = People.h; sourceTree = "<group>"; };
/* End PBXFileReference section */

/* Begin PBXFrameworksBuildPhase section */
		1527ACB81ADA12A600195CE9 /* Frameworks */ = {
			isa = PBXFrameworksBuildPhase;
			buildActionMask = 2147483647;
			files = (
			);
			runOnlyForDeploymentPostprocessing = 0;
		};
/* End PBXFrameworksBuildPhase section */

/* Begin PBXGroup section */
		1527ACB21ADA12A600195CE9 = {
			isa = PBXGroup;
			children = (
				1527ACBD1ADA12A600195CE9 /* L02NameSpace */,
				1527ACBC1ADA12A600195CE9 /* Products */,
			);
			sourceTree = "<group>";
		};
		1527ACBC1ADA12A600195CE9 /* Products */ = {
			isa = PBXGroup;
			children = (
				1527ACBB1ADA12A600195CE9 /* L02NameSpace */,
			);
			name = Products;
			sourceTree = "<group>";
		};
		1527ACBD1ADA12A600195CE9 /* L02NameSpace */ = {
			isa = PBXGroup;
			children = (
				1527ACC51ADA12DC00195CE9 /* People.cpp */,
				1527ACC61ADA12DC00195CE9 /* People.h */,
				1527ACBE1ADA12A600195CE9 /* main.cpp */,
			);
			path = L02NameSpace;
			sourceTree = "<group>";
		};
/* End PBXGroup section */

/* Begin PBXNativeTarget section */
		1527ACBA1ADA12A600195CE9 /* L02NameSpace */ = {
			isa = PBXNativeTarget;
			buildConfigurationList = 1527ACC21ADA12A600195CE9 /* Build configuration list for PBXNativeTarget "L02NameSpace" */;
			buildPhases = (
				1527ACB71ADA12A600195CE9 /* Sources */,
				1527ACB81ADA12A600195CE9 /* Frameworks */,
				1527ACB91ADA12A600195CE9 /* CopyFiles */,
			);
			buildRules = (
			);
			dependencies = (
			);
			name = L02NameSpace;
			productName = L02NameSpace;
			productReference = 1527ACBB1ADA12A600195CE9 /* L02NameSpace */;
			productType = "com.apple.product-type.tool";
		};
/* End PBXNativeTarget section */

/* Begin PBXProject section */
		1527ACB31ADA12A600195CE9 /* Project object */ = {
			isa = PBXProject;
			attributes = {
				LastUpgradeCheck = 0630;
				ORGANIZATIONNAME = watkin;
				TargetAttributes = {
					1527ACBA1ADA12A600195CE9 = {
						CreatedOnToolsVersion = 6.3;
					};
				};
			};
			buildConfigurationList = 1527ACB61ADA12A600195CE9 /* Build configuration list for PBXProject "L02NameSpace" */;
			compatibilityVersion = "Xcode 3.2";
			developmentRegion = English;
			hasScannedForEncodings = 0;
			knownRegions = (
				en,
			);
			mainGroup = 1527ACB21ADA12A600195CE9;
			productRefGroup = 1527ACBC1ADA12A600195CE9 /* Products */;
			projectDirPath = "";
			projectRoot = "";
			targets = (
				1527ACBA1ADA12A600195CE9 /* L02NameSpace */,
			);
		};
/* End PBXProject section */

/* Begin PBXSourcesBuildPhase section */
		1527ACB71ADA12A600195CE9 /* Sources */ = {
			isa = PBXSourcesBuildPhase;
			buildActionMask = 2147483647;
			files = (
				1527ACC71ADA12DC00195CE9 /* People.cpp in Sources */,
				1527ACBF1ADA12A600195CE9 /* main.cpp in Sources */,
			);
			runOnlyForDeploymentPostprocessing = 0;
		};
/* End PBXSourcesBuildPhase section */

/* Begin XCBuildConfiguration section */
		1527ACC01ADA12A600195CE9 /* Debug */ = {
			isa = XCBuildConfiguration;
			buildSettings = {
				ALWAYS_SEARCH_USER_PATHS = NO;
				CLANG_CXX_LANGUAGE_STANDARD = "gnu++0x";
				CLANG_CXX_LIBRARY = "libc++";
				CLANG_ENABLE_MODULES = YES;
				CLANG_ENABLE_OBJC_ARC = YES;
				CLANG_WARN_BOOL_CONVERSION = YES;
				CLANG_WARN_CONSTANT_CONVERSION = YES;
				CLANG_WARN_DIRECT_OBJC_ISA_USAGE = YES_ERROR;
				CLANG_WARN_EMPTY_BODY = YES;
				CLANG_WARN_ENUM_CONVERSION = YES;
				CLANG_WARN_INT_CONVERSION = YES;
				CLANG_WARN_OBJC_ROOT_CLASS = YES_ERROR;
				CLANG_WARN_UNREACHABLE_CODE = YES;
				CLANG_WARN__DUPLICATE_METHOD_MATCH = YES;
				COPY_PHASE_STRIP = NO;
				DEBUG_INFORMATION_FORMAT = dwarf;
				ENABLE_STRICT_OBJC_MSGSEND = YES;
				GCC_C_LANGUAGE_STANDARD = gnu99;
				GCC_DYNAMIC_NO_PIC = NO;
				GCC_NO_COMMON_BLOCKS = YES;
				GCC_OPTIMIZATION_LEVEL = 0;
				GCC_PREPROCESSOR_DEFINITIONS = (
					"DEBUG=1",
					"$(inherited)",
				);
				GCC_SYMBOLS_PRIVATE_EXTERN = NO;
				GCC_WARN_64_TO_32_BIT_CONVERSION = YES;
				GCC_WARN_ABOUT_RETURN_TYPE = YES_ERROR;
				GCC_WARN_UNDECLARED_SELECTOR = YES;
				GCC_WARN_UNINITIALIZED_AUTOS = YES_AGGRESSIVE;
				GCC_WARN_UNUSED_FUNCTION = YES;
				GCC_WARN_UNUSED_VARIABLE = YES;
				MACOSX_DEPLOYMENT_TARGET = 10.10;
				MTL_ENABLE_DEBUG_INFO = YES;
				ONLY_ACTIVE_ARCH = YES;
				SDKROOT = macosx;
			};
			name = Debug;
		};
		1527ACC11ADA12A600195CE9 /* Release */ = {
			isa = XCBuildConfiguration;
			buildSettings = {
				ALWAYS_SEARCH_USER_PATHS = NO;
				CLANG_CXX_LANGUAGE_STANDARD = "gnu++0x";
				CLANG_CXX_LIBRARY = "libc++";
				CLANG_ENABLE_MODULES = YES;
				CLANG_ENABLE_OBJC_ARC = YES;
				CLANG_WARN_BOOL_CONVERSION = YES;
				CLANG_WARN_CONSTANT_CONVERSION = YES;
				CLANG_WARN_DIRECT_OBJC_ISA_USAGE = YES_ERROR;
				CLANG_WARN_EMPTY_BODY = YES;
				CLANG_WARN_ENUM_CONVERSION = YES;
				CLANG_WARN_INT_CONVERSION = YES;
				CLANG_WARN_OBJC_ROOT_CLASS = YES_ERROR;
				CLANG_WARN_UNREACHABLE_CODE = YES;
				CLANG_WARN__DUPLICATE_METHOD_MATCH = YES;
				COPY_PHASE_STRIP = NO;
				DEBUG_INFORMATION_FORMAT = "dwarf-with-dsym";
				ENABLE_NS_ASSERTIONS = NO;
				ENABLE_STRICT_OBJC_MSGSEND = YES;
				GCC_C_LANGUAGE_STANDARD = gnu99;
				GCC_NO_COMMON_BLOCKS = YES;
				GCC_WARN_64_TO_32_BIT_CONVERSION = YES;
				GCC_WARN_ABOUT_RETURN_TYPE = YES_ERROR;
				GCC_WARN_UNDECLARED_SELECTOR = YES;
				GCC_WARN_UNINITIALIZED_AUTOS = YES_AGGRESSIVE;
				GCC_WARN_UNUSED_FUNCTION = YES;
				GCC_WARN_UNUSED_VARIABLE = YES;
				MACOSX_DEPLOYMENT_TARGET = 10.10;
				MTL_ENABLE_DEBUG_INFO = NO;
				SDKROOT = macosx;
			};
			name = Release;
		};
		1527ACC31ADA12A600195CE9 /* Debug */ = {
			isa = XCBuildConfiguration;
			buildSettings = {
				PRODUCT_NAME = "$(TARGET_NAME)";
			};
			name = Debug;
		};
		1527ACC41ADA12A600195CE9 /* Release */ = {
			isa = XCBuildConfiguration;
			buildSettings = {
				PRODUCT_NAME = "$(TARGET_NAME)";
			};
			name = Release;
		};
/* End XCBuildConfiguration section */

/* Begin XCConfigurationList section */
		1527ACB61ADA12A600195CE9 /* Build configuration list for PBXProject "L02NameSpace" */ = {
			isa = XCConfigurationList;
			buildConfigurations = (
				1527ACC01ADA12A600195CE9 /* Debug */,
				1527ACC11ADA12A600195CE9 /* Release */,
			);
			defaultConfigurationIsVisible = 0;
			defaultConfigurationName = Release;
		};
		1527ACC21ADA12A600195CE9 /* Build configuration list for PBXNativeTarget "L02NameSpace" */ = {
			isa = XCConfigurationList;
			buildConfigurations = (
				1527ACC31ADA12A600195CE9 /* Debug */,
				1527ACC41ADA12A600195CE9 /* Release */,
			);
			defaultConfigurationIsVisible = 0;
		};
/* End XCConfigurationList section */
	};
	rootObject = 1527ACB31ADA12A600195CE9 /* Project object */;
}
